// !$*UTF8*$!
{
	archiveVersion = 1;
	classes = {
	};
	objectVersion = 56;
	objects = {

/* Begin PBXBuildFile section */
		6142D08A2938F37800B52401 /* FirebaseAnalytics in Frameworks */ = {isa = PBXBuildFile; productRef = 6142D0892938F37800B52401 /* FirebaseAnalytics */; };
		6142D08C2938F37800B52401 /* FirebaseAuth in Frameworks */ = {isa = PBXBuildFile; productRef = 6142D08B2938F37800B52401 /* FirebaseAuth */; };
		6142D08E2938F37800B52401 /* FirebaseCrashlytics in Frameworks */ = {isa = PBXBuildFile; productRef = 6142D08D2938F37800B52401 /* FirebaseCrashlytics */; };
		6142D0902938F37800B52401 /* FirebaseDatabase in Frameworks */ = {isa = PBXBuildFile; productRef = 6142D08F2938F37800B52401 /* FirebaseDatabase */; };
		6142D0922938F37800B52401 /* FirebaseStorage in Frameworks */ = {isa = PBXBuildFile; productRef = 6142D0912938F37800B52401 /* FirebaseStorage */; };
		6163DBD72934A74900CEF49D /* AppDelegate.swift in Sources */ = {isa = PBXBuildFile; fileRef = 6163DBD62934A74900CEF49D /* AppDelegate.swift */; };
		6163DBD92934A74900CEF49D /* SceneDelegate.swift in Sources */ = {isa = PBXBuildFile; fileRef = 6163DBD82934A74900CEF49D /* SceneDelegate.swift */; };
		6163DBDB2934A74900CEF49D /* HomeViewController.swift in Sources */ = {isa = PBXBuildFile; fileRef = 6163DBDA2934A74900CEF49D /* HomeViewController.swift */; };
		6163DBDE2934A74900CEF49D /* Main.storyboard in Resources */ = {isa = PBXBuildFile; fileRef = 6163DBDC2934A74900CEF49D /* Main.storyboard */; };
		6163DBE02934A74900CEF49D /* Assets.xcassets in Resources */ = {isa = PBXBuildFile; fileRef = 6163DBDF2934A74900CEF49D /* Assets.xcassets */; };
		6163DBE32934A74900CEF49D /* LaunchScreen.storyboard in Resources */ = {isa = PBXBuildFile; fileRef = 6163DBE12934A74900CEF49D /* LaunchScreen.storyboard */; };
		6163DBF02934A91B00CEF49D /* ExploreViewController.swift in Sources */ = {isa = PBXBuildFile; fileRef = 6163DBEF2934A91B00CEF49D /* ExploreViewController.swift */; };
		6163DBF22934A94F00CEF49D /* CameraViewController.swift in Sources */ = {isa = PBXBuildFile; fileRef = 6163DBF12934A94F00CEF49D /* CameraViewController.swift */; };
		6163DBF42934A97200CEF49D /* NotificationsViewController.swift in Sources */ = {isa = PBXBuildFile; fileRef = 6163DBF32934A97200CEF49D /* NotificationsViewController.swift */; };
		6163DBF62934A98B00CEF49D /* ProfileViewController.swift in Sources */ = {isa = PBXBuildFile; fileRef = 6163DBF52934A98B00CEF49D /* ProfileViewController.swift */; };
		6163DBFB2934AA9E00CEF49D /* LoginViewController.swift in Sources */ = {isa = PBXBuildFile; fileRef = 6163DBFA2934AA9E00CEF49D /* LoginViewController.swift */; };
		6163DBFD2934AAAC00CEF49D /* RegistrationViewController.swift in Sources */ = {isa = PBXBuildFile; fileRef = 6163DBFC2934AAAC00CEF49D /* RegistrationViewController.swift */; };
		6163DBFF2934AADB00CEF49D /* PostViewController.swift in Sources */ = {isa = PBXBuildFile; fileRef = 6163DBFE2934AADB00CEF49D /* PostViewController.swift */; };
		6163DC012934AB0900CEF49D /* EditProfileViewController.swift in Sources */ = {isa = PBXBuildFile; fileRef = 6163DC002934AB0900CEF49D /* EditProfileViewController.swift */; };
		6163DC032934AB1D00CEF49D /* SettingsViewController.swift in Sources */ = {isa = PBXBuildFile; fileRef = 6163DC022934AB1D00CEF49D /* SettingsViewController.swift */; };
		6163DC052934AB4200CEF49D /* ListViewController.swift in Sources */ = {isa = PBXBuildFile; fileRef = 6163DC042934AB4200CEF49D /* ListViewController.swift */; };
		6163DC072934AB5A00CEF49D /* SearchViewController.swift in Sources */ = {isa = PBXBuildFile; fileRef = 6163DC062934AB5A00CEF49D /* SearchViewController.swift */; };
		6163DC092934AB7200CEF49D /* SearchResultViewController.swift in Sources */ = {isa = PBXBuildFile; fileRef = 6163DC082934AB7200CEF49D /* SearchResultViewController.swift */; };
		6163DC0B2934ABB000CEF49D /* PostEditorViewController.swift in Sources */ = {isa = PBXBuildFile; fileRef = 6163DC0A2934ABB000CEF49D /* PostEditorViewController.swift */; };
		6163DC0D2934ABD400CEF49D /* PublishPostViewController.swift in Sources */ = {isa = PBXBuildFile; fileRef = 6163DC0C2934ABD400CEF49D /* PublishPostViewController.swift */; };
		61B7BFCE29386E630041DFB1 /* GoogleService-Info.plist in Resources */ = {isa = PBXBuildFile; fileRef = 61B7BFCD29386E630041DFB1 /* GoogleService-Info.plist */; };
		61B7BFD1293887380041DFB1 /* DataBaseManager.swift in Sources */ = {isa = PBXBuildFile; fileRef = 61B7BFD0293887370041DFB1 /* DataBaseManager.swift */; };
		61B7BFD3293899070041DFB1 /* AuthManager.swift in Sources */ = {isa = PBXBuildFile; fileRef = 61B7BFD2293899070041DFB1 /* AuthManager.swift */; };
		61B7BFD5293899660041DFB1 /* StorageManager.swift in Sources */ = {isa = PBXBuildFile; fileRef = 61B7BFD4293899660041DFB1 /* StorageManager.swift */; };
		61BD8AD429393072004258D2 /* Extensions.swift in Sources */ = {isa = PBXBuildFile; fileRef = 61BD8AD329393072004258D2 /* Extensions.swift */; };
/* End PBXBuildFile section */

/* Begin PBXFileReference section */
		6163DBD32934A74900CEF49D /* Postergram.app */ = {isa = PBXFileReference; explicitFileType = wrapper.application; includeInIndex = 0; path = Postergram.app; sourceTree = BUILT_PRODUCTS_DIR; };
		6163DBD62934A74900CEF49D /* AppDelegate.swift */ = {isa = PBXFileReference; lastKnownFileType = sourcecode.swift; path = AppDelegate.swift; sourceTree = "<group>"; };
		6163DBD82934A74900CEF49D /* SceneDelegate.swift */ = {isa = PBXFileReference; lastKnownFileType = sourcecode.swift; path = SceneDelegate.swift; sourceTree = "<group>"; };
		6163DBDA2934A74900CEF49D /* HomeViewController.swift */ = {isa = PBXFileReference; lastKnownFileType = sourcecode.swift; path = HomeViewController.swift; sourceTree = "<group>"; };
		6163DBDD2934A74900CEF49D /* Base */ = {isa = PBXFileReference; lastKnownFileType = file.storyboard; name = Base; path = Base.lproj/Main.storyboard; sourceTree = "<group>"; };
		6163DBDF2934A74900CEF49D /* Assets.xcassets */ = {isa = PBXFileReference; lastKnownFileType = folder.assetcatalog; path = Assets.xcassets; sourceTree = "<group>"; };
		6163DBE22934A74900CEF49D /* Base */ = {isa = PBXFileReference; lastKnownFileType = file.storyboard; name = Base; path = Base.lproj/LaunchScreen.storyboard; sourceTree = "<group>"; };
		6163DBE42934A74900CEF49D /* Info.plist */ = {isa = PBXFileReference; lastKnownFileType = text.plist.xml; path = Info.plist; sourceTree = "<group>"; };
		6163DBEF2934A91B00CEF49D /* ExploreViewController.swift */ = {isa = PBXFileReference; lastKnownFileType = sourcecode.swift; path = ExploreViewController.swift; sourceTree = "<group>"; };
		6163DBF12934A94F00CEF49D /* CameraViewController.swift */ = {isa = PBXFileReference; lastKnownFileType = sourcecode.swift; path = CameraViewController.swift; sourceTree = "<group>"; };
		6163DBF32934A97200CEF49D /* NotificationsViewController.swift */ = {isa = PBXFileReference; lastKnownFileType = sourcecode.swift; path = NotificationsViewController.swift; sourceTree = "<group>"; };
		6163DBF52934A98B00CEF49D /* ProfileViewController.swift */ = {isa = PBXFileReference; lastKnownFileType = sourcecode.swift; path = ProfileViewController.swift; sourceTree = "<group>"; };
		6163DBFA2934AA9E00CEF49D /* LoginViewController.swift */ = {isa = PBXFileReference; lastKnownFileType = sourcecode.swift; path = LoginViewController.swift; sourceTree = "<group>"; };
		6163DBFC2934AAAC00CEF49D /* RegistrationViewController.swift */ = {isa = PBXFileReference; lastKnownFileType = sourcecode.swift; path = RegistrationViewController.swift; sourceTree = "<group>"; };
		6163DBFE2934AADB00CEF49D /* PostViewController.swift */ = {isa = PBXFileReference; lastKnownFileType = sourcecode.swift; path = PostViewController.swift; sourceTree = "<group>"; };
		6163DC002934AB0900CEF49D /* EditProfileViewController.swift */ = {isa = PBXFileReference; lastKnownFileType = sourcecode.swift; path = EditProfileViewController.swift; sourceTree = "<group>"; };
		6163DC022934AB1D00CEF49D /* SettingsViewController.swift */ = {isa = PBXFileReference; lastKnownFileType = sourcecode.swift; path = SettingsViewController.swift; sourceTree = "<group>"; };
		6163DC042934AB4200CEF49D /* ListViewController.swift */ = {isa = PBXFileReference; lastKnownFileType = sourcecode.swift; path = ListViewController.swift; sourceTree = "<group>"; };
		6163DC062934AB5A00CEF49D /* SearchViewController.swift */ = {isa = PBXFileReference; lastKnownFileType = sourcecode.swift; path = SearchViewController.swift; sourceTree = "<group>"; };
		6163DC082934AB7200CEF49D /* SearchResultViewController.swift */ = {isa = PBXFileReference; lastKnownFileType = sourcecode.swift; path = SearchResultViewController.swift; sourceTree = "<group>"; };
		6163DC0A2934ABB000CEF49D /* PostEditorViewController.swift */ = {isa = PBXFileReference; lastKnownFileType = sourcecode.swift; path = PostEditorViewController.swift; sourceTree = "<group>"; };
		6163DC0C2934ABD400CEF49D /* PublishPostViewController.swift */ = {isa = PBXFileReference; lastKnownFileType = sourcecode.swift; path = PublishPostViewController.swift; sourceTree = "<group>"; };
		61B7BFCD29386E630041DFB1 /* GoogleService-Info.plist */ = {isa = PBXFileReference; fileEncoding = 4; lastKnownFileType = text.plist.xml; path = "GoogleService-Info.plist"; sourceTree = "<group>"; };
		61B7BFD0293887370041DFB1 /* DataBaseManager.swift */ = {isa = PBXFileReference; lastKnownFileType = sourcecode.swift; path = DataBaseManager.swift; sourceTree = "<group>"; };
		61B7BFD2293899070041DFB1 /* AuthManager.swift */ = {isa = PBXFileReference; lastKnownFileType = sourcecode.swift; path = AuthManager.swift; sourceTree = "<group>"; };
		61B7BFD4293899660041DFB1 /* StorageManager.swift */ = {isa = PBXFileReference; lastKnownFileType = sourcecode.swift; path = StorageManager.swift; sourceTree = "<group>"; };
		61BD8AD329393072004258D2 /* Extensions.swift */ = {isa = PBXFileReference; lastKnownFileType = sourcecode.swift; path = Extensions.swift; sourceTree = "<group>"; };
/* End PBXFileReference section */

/* Begin PBXFrameworksBuildPhase section */
		6163DBD02934A74900CEF49D /* Frameworks */ = {
			isa = PBXFrameworksBuildPhase;
			buildActionMask = 2147483647;
			files = (
				6142D08E2938F37800B52401 /* FirebaseCrashlytics in Frameworks */,
				6142D08A2938F37800B52401 /* FirebaseAnalytics in Frameworks */,
				6142D0902938F37800B52401 /* FirebaseDatabase in Frameworks */,
				6142D0922938F37800B52401 /* FirebaseStorage in Frameworks */,
				6142D08C2938F37800B52401 /* FirebaseAuth in Frameworks */,
			);
			runOnlyForDeploymentPostprocessing = 0;
		};
/* End PBXFrameworksBuildPhase section */

/* Begin PBXGroup section */
		6163DBCA2934A74900CEF49D = {
			isa = PBXGroup;
			children = (
				6163DBD52934A74900CEF49D /* Postergram */,
				6163DBD42934A74900CEF49D /* Products */,
			);
			sourceTree = "<group>";
		};
		6163DBD42934A74900CEF49D /* Products */ = {
			isa = PBXGroup;
			children = (
				6163DBD32934A74900CEF49D /* Postergram.app */,
			);
			name = Products;
			sourceTree = "<group>";
		};
		6163DBD52934A74900CEF49D /* Postergram */ = {
			isa = PBXGroup;
			children = (
				6163DBED2934A7F100CEF49D /* Resourses */,
				6163DBEC2934A7E900CEF49D /* Model */,
				6163DBEA2934A7BD00CEF49D /* Views */,
				6163DBEB2934A7C800CEF49D /* Controllers */,
				6163DBE42934A74900CEF49D /* Info.plist */,
			);
			path = Postergram;
			sourceTree = "<group>";
		};
		6163DBEA2934A7BD00CEF49D /* Views */ = {
			isa = PBXGroup;
			children = (
				6163DBDF2934A74900CEF49D /* Assets.xcassets */,
				6163DBEE2934A81500CEF49D /* Storyboards */,
			);
			path = Views;
			sourceTree = "<group>";
		};
		6163DBEB2934A7C800CEF49D /* Controllers */ = {
			isa = PBXGroup;
			children = (
				6163DBF82934AA6C00CEF49D /* Other */,
				6163DBF72934A9AC00CEF49D /* Core Tabs */,
			);
			path = Controllers;
			sourceTree = "<group>";
		};
		6163DBEC2934A7E900CEF49D /* Model */ = {
			isa = PBXGroup;
			children = (
			);
			name = Model;
			sourceTree = "<group>";
		};
		6163DBED2934A7F100CEF49D /* Resourses */ = {
			isa = PBXGroup;
			children = (
				61B7BFCD29386E630041DFB1 /* GoogleService-Info.plist */,
				6163DBD62934A74900CEF49D /* AppDelegate.swift */,
				6163DBD82934A74900CEF49D /* SceneDelegate.swift */,
				61B7BFD0293887370041DFB1 /* DataBaseManager.swift */,
				61B7BFD2293899070041DFB1 /* AuthManager.swift */,
				61B7BFD4293899660041DFB1 /* StorageManager.swift */,
				61BD8AD329393072004258D2 /* Extensions.swift */,
			);
			path = Resourses;
			sourceTree = "<group>";
		};
		6163DBEE2934A81500CEF49D /* Storyboards */ = {
			isa = PBXGroup;
			children = (
				6163DBE12934A74900CEF49D /* LaunchScreen.storyboard */,
				6163DBDC2934A74900CEF49D /* Main.storyboard */,
			);
			path = Storyboards;
			sourceTree = "<group>";
		};
		6163DBF72934A9AC00CEF49D /* Core Tabs */ = {
			isa = PBXGroup;
			children = (
				6163DBDA2934A74900CEF49D /* HomeViewController.swift */,
				6163DBEF2934A91B00CEF49D /* ExploreViewController.swift */,
				6163DBF12934A94F00CEF49D /* CameraViewController.swift */,
				6163DBF32934A97200CEF49D /* NotificationsViewController.swift */,
				6163DBF52934A98B00CEF49D /* ProfileViewController.swift */,
			);
			path = "Core Tabs";
			sourceTree = "<group>";
		};
		6163DBF82934AA6C00CEF49D /* Other */ = {
			isa = PBXGroup;
			children = (
				6163DBF92934AA7800CEF49D /* Onboarding */,
				61B7BFCF293886520041DFB1 /* General */,
			);
			path = Other;
			sourceTree = "<group>";
		};
		6163DBF92934AA7800CEF49D /* Onboarding */ = {
			isa = PBXGroup;
			children = (
				6163DBFA2934AA9E00CEF49D /* LoginViewController.swift */,
				6163DBFC2934AAAC00CEF49D /* RegistrationViewController.swift */,
			);
			path = Onboarding;
			sourceTree = "<group>";
		};
		61B7BFCF293886520041DFB1 /* General */ = {
			isa = PBXGroup;
			children = (
				6163DBFE2934AADB00CEF49D /* PostViewController.swift */,
				6163DC002934AB0900CEF49D /* EditProfileViewController.swift */,
				6163DC022934AB1D00CEF49D /* SettingsViewController.swift */,
				6163DC042934AB4200CEF49D /* ListViewController.swift */,
				6163DC062934AB5A00CEF49D /* SearchViewController.swift */,
				6163DC082934AB7200CEF49D /* SearchResultViewController.swift */,
				6163DC0A2934ABB000CEF49D /* PostEditorViewController.swift */,
				6163DC0C2934ABD400CEF49D /* PublishPostViewController.swift */,
			);
			path = General;
			sourceTree = "<group>";
		};
/* End PBXGroup section */

/* Begin PBXNativeTarget section */
		6163DBD22934A74900CEF49D /* Postergram */ = {
			isa = PBXNativeTarget;
			buildConfigurationList = 6163DBE72934A74900CEF49D /* Build configuration list for PBXNativeTarget "Postergram" */;
			buildPhases = (
				6163DBCF2934A74900CEF49D /* Sources */,
				6163DBD02934A74900CEF49D /* Frameworks */,
				6163DBD12934A74900CEF49D /* Resources */,
			);
			buildRules = (
			);
			dependencies = (
			);
			name = Postergram;
			packageProductDependencies = (
				6142D0892938F37800B52401 /* FirebaseAnalytics */,
				6142D08B2938F37800B52401 /* FirebaseAuth */,
				6142D08D2938F37800B52401 /* FirebaseCrashlytics */,
				6142D08F2938F37800B52401 /* FirebaseDatabase */,
				6142D0912938F37800B52401 /* FirebaseStorage */,
			);
			productName = Postergram;
			productReference = 6163DBD32934A74900CEF49D /* Postergram.app */;
			productType = "com.apple.product-type.application";
		};
/* End PBXNativeTarget section */

/* Begin PBXProject section */
		6163DBCB2934A74900CEF49D /* Project object */ = {
			isa = PBXProject;
			attributes = {
				BuildIndependentTargetsInParallel = 1;
				LastSwiftUpdateCheck = 1410;
				LastUpgradeCheck = 1410;
				TargetAttributes = {
					6163DBD22934A74900CEF49D = {
						CreatedOnToolsVersion = 14.1;
					};
				};
			};
			buildConfigurationList = 6163DBCE2934A74900CEF49D /* Build configuration list for PBXProject "Postergram" */;
			compatibilityVersion = "Xcode 14.0";
			developmentRegion = en;
			hasScannedForEncodings = 0;
			knownRegions = (
				en,
				Base,
			);
			mainGroup = 6163DBCA2934A74900CEF49D;
			packageReferences = (
				6142D0882938F37800B52401 /* XCRemoteSwiftPackageReference "firebase-ios-sdk" */,
			);
			productRefGroup = 6163DBD42934A74900CEF49D /* Products */;
			projectDirPath = "";
			projectRoot = "";
			targets = (
				6163DBD22934A74900CEF49D /* Postergram */,
			);
		};
/* End PBXProject section */

/* Begin PBXResourcesBuildPhase section */
		6163DBD12934A74900CEF49D /* Resources */ = {
			isa = PBXResourcesBuildPhase;
			buildActionMask = 2147483647;
			files = (
				6163DBE32934A74900CEF49D /* LaunchScreen.storyboard in Resources */,
				61B7BFCE29386E630041DFB1 /* GoogleService-Info.plist in Resources */,
				6163DBE02934A74900CEF49D /* Assets.xcassets in Resources */,
				6163DBDE2934A74900CEF49D /* Main.storyboard in Resources */,
			);
			runOnlyForDeploymentPostprocessing = 0;
		};
/* End PBXResourcesBuildPhase section */

/* Begin PBXSourcesBuildPhase section */
		6163DBCF2934A74900CEF49D /* Sources */ = {
			isa = PBXSourcesBuildPhase;
			buildActionMask = 2147483647;
			files = (
				6163DC012934AB0900CEF49D /* EditProfileViewController.swift in Sources */,
				6163DBF02934A91B00CEF49D /* ExploreViewController.swift in Sources */,
				6163DC0D2934ABD400CEF49D /* PublishPostViewController.swift in Sources */,
				6163DBF22934A94F00CEF49D /* CameraViewController.swift in Sources */,
				6163DBDB2934A74900CEF49D /* HomeViewController.swift in Sources */,
				6163DBFD2934AAAC00CEF49D /* RegistrationViewController.swift in Sources */,
				6163DC0B2934ABB000CEF49D /* PostEditorViewController.swift in Sources */,
				61B7BFD5293899660041DFB1 /* StorageManager.swift in Sources */,
				6163DBFF2934AADB00CEF49D /* PostViewController.swift in Sources */,
				6163DBF42934A97200CEF49D /* NotificationsViewController.swift in Sources */,
				6163DC092934AB7200CEF49D /* SearchResultViewController.swift in Sources */,
				61B7BFD1293887380041DFB1 /* DataBaseManager.swift in Sources */,
				6163DBFB2934AA9E00CEF49D /* LoginViewController.swift in Sources */,
				61BD8AD429393072004258D2 /* Extensions.swift in Sources */,
				6163DC072934AB5A00CEF49D /* SearchViewController.swift in Sources */,
				6163DBF62934A98B00CEF49D /* ProfileViewController.swift in Sources */,
				61B7BFD3293899070041DFB1 /* AuthManager.swift in Sources */,
				6163DBD72934A74900CEF49D /* AppDelegate.swift in Sources */,
				6163DBD92934A74900CEF49D /* SceneDelegate.swift in Sources */,
				6163DC052934AB4200CEF49D /* ListViewController.swift in Sources */,
				6163DC032934AB1D00CEF49D /* SettingsViewController.swift in Sources */,
			);
			runOnlyForDeploymentPostprocessing = 0;
		};
/* End PBXSourcesBuildPhase section */

/* Begin PBXVariantGroup section */
		6163DBDC2934A74900CEF49D /* Main.storyboard */ = {
			isa = PBXVariantGroup;
			children = (
				6163DBDD2934A74900CEF49D /* Base */,
			);
			name = Main.storyboard;
			sourceTree = "<group>";
		};
		6163DBE12934A74900CEF49D /* LaunchScreen.storyboard */ = {
			isa = PBXVariantGroup;
			children = (
				6163DBE22934A74900CEF49D /* Base */,
			);
			name = LaunchScreen.storyboard;
			sourceTree = "<group>";
		};
/* End PBXVariantGroup section */

/* Begin XCBuildConfiguration section */
		6163DBE52934A74900CEF49D /* Debug */ = {
			isa = XCBuildConfiguration;
			buildSettings = {
				ALWAYS_SEARCH_USER_PATHS = NO;
				CLANG_ANALYZER_NONNULL = YES;
				CLANG_ANALYZER_NUMBER_OBJECT_CONVERSION = YES_AGGRESSIVE;
				CLANG_CXX_LANGUAGE_STANDARD = "gnu++20";
				CLANG_ENABLE_MODULES = YES;
				CLANG_ENABLE_OBJC_ARC = YES;
				CLANG_ENABLE_OBJC_WEAK = YES;
				CLANG_WARN_BLOCK_CAPTURE_AUTORELEASING = YES;
				CLANG_WARN_BOOL_CONVERSION = YES;
				CLANG_WARN_COMMA = YES;
				CLANG_WARN_CONSTANT_CONVERSION = YES;
				CLANG_WARN_DEPRECATED_OBJC_IMPLEMENTATIONS = YES;
				CLANG_WARN_DIRECT_OBJC_ISA_USAGE = YES_ERROR;
				CLANG_WARN_DOCUMENTATION_COMMENTS = YES;
				CLANG_WARN_EMPTY_BODY = YES;
				CLANG_WARN_ENUM_CONVERSION = YES;
				CLANG_WARN_INFINITE_RECURSION = YES;
				CLANG_WARN_INT_CONVERSION = YES;
				CLANG_WARN_NON_LITERAL_NULL_CONVERSION = YES;
				CLANG_WARN_OBJC_IMPLICIT_RETAIN_SELF = YES;
				CLANG_WARN_OBJC_LITERAL_CONVERSION = YES;
				CLANG_WARN_OBJC_ROOT_CLASS = YES_ERROR;
				CLANG_WARN_QUOTED_INCLUDE_IN_FRAMEWORK_HEADER = YES;
				CLANG_WARN_RANGE_LOOP_ANALYSIS = YES;
				CLANG_WARN_STRICT_PROTOTYPES = YES;
				CLANG_WARN_SUSPICIOUS_MOVE = YES;
				CLANG_WARN_UNGUARDED_AVAILABILITY = YES_AGGRESSIVE;
				CLANG_WARN_UNREACHABLE_CODE = YES;
				CLANG_WARN__DUPLICATE_METHOD_MATCH = YES;
				COPY_PHASE_STRIP = NO;
				DEBUG_INFORMATION_FORMAT = dwarf;
				ENABLE_STRICT_OBJC_MSGSEND = YES;
				ENABLE_TESTABILITY = YES;
				GCC_C_LANGUAGE_STANDARD = gnu11;
				GCC_DYNAMIC_NO_PIC = NO;
				GCC_NO_COMMON_BLOCKS = YES;
				GCC_OPTIMIZATION_LEVEL = 0;
				GCC_PREPROCESSOR_DEFINITIONS = (
					"DEBUG=1",
					"$(inherited)",
				);
				GCC_WARN_64_TO_32_BIT_CONVERSION = YES;
				GCC_WARN_ABOUT_RETURN_TYPE = YES_ERROR;
				GCC_WARN_UNDECLARED_SELECTOR = YES;
				GCC_WARN_UNINITIALIZED_AUTOS = YES_AGGRESSIVE;
				GCC_WARN_UNUSED_FUNCTION = YES;
				GCC_WARN_UNUSED_VARIABLE = YES;
				IPHONEOS_DEPLOYMENT_TARGET = 16.1;
				MTL_ENABLE_DEBUG_INFO = INCLUDE_SOURCE;
				MTL_FAST_MATH = YES;
				ONLY_ACTIVE_ARCH = YES;
				SDKROOT = iphoneos;
				SWIFT_ACTIVE_COMPILATION_CONDITIONS = DEBUG;
				SWIFT_OPTIMIZATION_LEVEL = "-Onone";
			};
			name = Debug;
		};
		6163DBE62934A74900CEF49D /* Release */ = {
			isa = XCBuildConfiguration;
			buildSettings = {
				ALWAYS_SEARCH_USER_PATHS = NO;
				CLANG_ANALYZER_NONNULL = YES;
				CLANG_ANALYZER_NUMBER_OBJECT_CONVERSION = YES_AGGRESSIVE;
				CLANG_CXX_LANGUAGE_STANDARD = "gnu++20";
				CLANG_ENABLE_MODULES = YES;
				CLANG_ENABLE_OBJC_ARC = YES;
				CLANG_ENABLE_OBJC_WEAK = YES;
				CLANG_WARN_BLOCK_CAPTURE_AUTORELEASING = YES;
				CLANG_WARN_BOOL_CONVERSION = YES;
				CLANG_WARN_COMMA = YES;
				CLANG_WARN_CONSTANT_CONVERSION = YES;
				CLANG_WARN_DEPRECATED_OBJC_IMPLEMENTATIONS = YES;
				CLANG_WARN_DIRECT_OBJC_ISA_USAGE = YES_ERROR;
				CLANG_WARN_DOCUMENTATION_COMMENTS = YES;
				CLANG_WARN_EMPTY_BODY = YES;
				CLANG_WARN_ENUM_CONVERSION = YES;
				CLANG_WARN_INFINITE_RECURSION = YES;
				CLANG_WARN_INT_CONVERSION = YES;
				CLANG_WARN_NON_LITERAL_NULL_CONVERSION = YES;
				CLANG_WARN_OBJC_IMPLICIT_RETAIN_SELF = YES;
				CLANG_WARN_OBJC_LITERAL_CONVERSION = YES;
				CLANG_WARN_OBJC_ROOT_CLASS = YES_ERROR;
				CLANG_WARN_QUOTED_INCLUDE_IN_FRAMEWORK_HEADER = YES;
				CLANG_WARN_RANGE_LOOP_ANALYSIS = YES;
				CLANG_WARN_STRICT_PROTOTYPES = YES;
				CLANG_WARN_SUSPICIOUS_MOVE = YES;
				CLANG_WARN_UNGUARDED_AVAILABILITY = YES_AGGRESSIVE;
				CLANG_WARN_UNREACHABLE_CODE = YES;
				CLANG_WARN__DUPLICATE_METHOD_MATCH = YES;
				COPY_PHASE_STRIP = NO;
				DEBUG_INFORMATION_FORMAT = "dwarf-with-dsym";
				ENABLE_NS_ASSERTIONS = NO;
				ENABLE_STRICT_OBJC_MSGSEND = YES;
				GCC_C_LANGUAGE_STANDARD = gnu11;
				GCC_NO_COMMON_BLOCKS = YES;
				GCC_WARN_64_TO_32_BIT_CONVERSION = YES;
				GCC_WARN_ABOUT_RETURN_TYPE = YES_ERROR;
				GCC_WARN_UNDECLARED_SELECTOR = YES;
				GCC_WARN_UNINITIALIZED_AUTOS = YES_AGGRESSIVE;
				GCC_WARN_UNUSED_FUNCTION = YES;
				GCC_WARN_UNUSED_VARIABLE = YES;
				IPHONEOS_DEPLOYMENT_TARGET = 16.1;
				MTL_ENABLE_DEBUG_INFO = NO;
				MTL_FAST_MATH = YES;
				SDKROOT = iphoneos;
				SWIFT_COMPILATION_MODE = wholemodule;
				SWIFT_OPTIMIZATION_LEVEL = "-O";
				VALIDATE_PRODUCT = YES;
			};
			name = Release;
		};
		6163DBE82934A74900CEF49D /* Debug */ = {
			isa = XCBuildConfiguration;
			buildSettings = {
				ASSETCATALOG_COMPILER_APPICON_NAME = AppIcon;
				ASSETCATALOG_COMPILER_GLOBAL_ACCENT_COLOR_NAME = AccentColor;
				CODE_SIGN_STYLE = Automatic;
				CURRENT_PROJECT_VERSION = 1;
				DEVELOPMENT_TEAM = AVC9NB9GLX;
				GENERATE_INFOPLIST_FILE = YES;
				INFOPLIST_FILE = Postergram/Info.plist;
				INFOPLIST_KEY_UIApplicationSupportsIndirectInputEvents = YES;
				INFOPLIST_KEY_UILaunchStoryboardName = LaunchScreen;
				INFOPLIST_KEY_UIMainStoryboardFile = Main;
				INFOPLIST_KEY_UISupportedInterfaceOrientations = UIInterfaceOrientationPortrait;
				IPHONEOS_DEPLOYMENT_TARGET = 13.0;
				LD_RUNPATH_SEARCH_PATHS = (
					"$(inherited)",
					"@executable_path/Frameworks",
				);
				MARKETING_VERSION = 1.0;
				PRODUCT_BUNDLE_IDENTIFIER = "ivanenko2010-gmail.com.Postergram";
				PRODUCT_NAME = "$(TARGET_NAME)";
				SUPPORTED_PLATFORMS = "iphoneos iphonesimulator";
				SUPPORTS_MACCATALYST = NO;
				SUPPORTS_MAC_DESIGNED_FOR_IPHONE_IPAD = NO;
				SWIFT_EMIT_LOC_STRINGS = YES;
				SWIFT_VERSION = 5.0;
				TARGETED_DEVICE_FAMILY = 1;
			};
			name = Debug;
		};
		6163DBE92934A74900CEF49D /* Release */ = {
			isa = XCBuildConfiguration;
			buildSettings = {
				ASSETCATALOG_COMPILER_APPICON_NAME = AppIcon;
				ASSETCATALOG_COMPILER_GLOBAL_ACCENT_COLOR_NAME = AccentColor;
				CODE_SIGN_STYLE = Automatic;
				CURRENT_PROJECT_VERSION = 1;
				DEVELOPMENT_TEAM = AVC9NB9GLX;
				GENERATE_INFOPLIST_FILE = YES;
				INFOPLIST_FILE = Postergram/Info.plist;
				INFOPLIST_KEY_UIApplicationSupportsIndirectInputEvents = YES;
				INFOPLIST_KEY_UILaunchStoryboardName = LaunchScreen;
				INFOPLIST_KEY_UIMainStoryboardFile = Main;
				INFOPLIST_KEY_UISupportedInterfaceOrientations = UIInterfaceOrientationPortrait;
				IPHONEOS_DEPLOYMENT_TARGET = 13.0;
				LD_RUNPATH_SEARCH_PATHS = (
					"$(inherited)",
					"@executable_path/Frameworks",
				);
				MARKETING_VERSION = 1.0;
				PRODUCT_BUNDLE_IDENTIFIER = "ivanenko2010-gmail.com.Postergram";
				PRODUCT_NAME = "$(TARGET_NAME)";
				SUPPORTED_PLATFORMS = "iphoneos iphonesimulator";
				SUPPORTS_MACCATALYST = NO;
				SUPPORTS_MAC_DESIGNED_FOR_IPHONE_IPAD = NO;
				SWIFT_EMIT_LOC_STRINGS = YES;
				SWIFT_VERSION = 5.0;
				TARGETED_DEVICE_FAMILY = 1;
			};
			name = Release;
		};
/* End XCBuildConfiguration section */

/* Begin XCConfigurationList section */
		6163DBCE2934A74900CEF49D /* Build configuration list for PBXProject "Postergram" */ = {
			isa = XCConfigurationList;
			buildConfigurations = (
				6163DBE52934A74900CEF49D /* Debug */,
				6163DBE62934A74900CEF49D /* Release */,
			);
			defaultConfigurationIsVisible = 0;
			defaultConfigurationName = Release;
		};
		6163DBE72934A74900CEF49D /* Build configuration list for PBXNativeTarget "Postergram" */ = {
			isa = XCConfigurationList;
			buildConfigurations = (
				6163DBE82934A74900CEF49D /* Debug */,
				6163DBE92934A74900CEF49D /* Release */,
			);
			defaultConfigurationIsVisible = 0;
			defaultConfigurationName = Release;
		};
/* End XCConfigurationList section */

/* Begin XCRemoteSwiftPackageReference section */
		6142D0882938F37800B52401 /* XCRemoteSwiftPackageReference "firebase-ios-sdk" */ = {
			isa = XCRemoteSwiftPackageReference;
			repositoryURL = "https://github.com/firebase/firebase-ios-sdk.git";
			requirement = {
				branch = master;
				kind = branch;
			};
		};
/* End XCRemoteSwiftPackageReference section */

/* Begin XCSwiftPackageProductDependency section */
		6142D0892938F37800B52401 /* FirebaseAnalytics */ = {
			isa = XCSwiftPackageProductDependency;
			package = 6142D0882938F37800B52401 /* XCRemoteSwiftPackageReference "firebase-ios-sdk" */;
			productName = FirebaseAnalytics;
		};
		6142D08B2938F37800B52401 /* FirebaseAuth */ = {
			isa = XCSwiftPackageProductDependency;
			package = 6142D0882938F37800B52401 /* XCRemoteSwiftPackageReference "firebase-ios-sdk" */;
			productName = FirebaseAuth;
		};
		6142D08D2938F37800B52401 /* FirebaseCrashlytics */ = {
			isa = XCSwiftPackageProductDependency;
			package = 6142D0882938F37800B52401 /* XCRemoteSwiftPackageReference "firebase-ios-sdk" */;
			productName = FirebaseCrashlytics;
		};
		6142D08F2938F37800B52401 /* FirebaseDatabase */ = {
			isa = XCSwiftPackageProductDependency;
			package = 6142D0882938F37800B52401 /* XCRemoteSwiftPackageReference "firebase-ios-sdk" */;
			productName = FirebaseDatabase;
		};
		6142D0912938F37800B52401 /* FirebaseStorage */ = {
			isa = XCSwiftPackageProductDependency;
			package = 6142D0882938F37800B52401 /* XCRemoteSwiftPackageReference "firebase-ios-sdk" */;
			productName = FirebaseStorage;
		};
/* End XCSwiftPackageProductDependency section */
	};
	rootObject = 6163DBCB2934A74900CEF49D /* Project object */;
}
